
Microsoft Visual Studio Solution File, Format Version 12.00
# Visual Studio 2012
Project("{8BC9CEB8-8B4A-11D0-8D11-00A0C91BC942}") = "LCUI-2DFightGame", "LCUI-2DFightGame.vcxproj", "{7347FF8E-A200-474E-9125-75B59EF0DF94}"
EndProject
Global
	GlobalSection(SolutionConfigurationPlatforms) = preSolution
		Debug|Win32 = Debug|Win32
		Release|Win32 = Release|Win32
	EndGlobalSection
	GlobalSection(ProjectConfigurationPlatforms) = postSolution
		{7347FF8E-A200-474E-9125-75B59EF0DF94}.Debug|Win32.ActiveCfg = Debug|Win32
		{7347FF8E-A200-474E-9125-75B59EF0DF94}.Debug|Win32.Build.0 = Debug|Win32
		{7347FF8E-A200-474E-9125-75B59EF0DF94}.Release|Win32.ActiveCfg = Release|Win32
		{7347FF8E-A200-474E-9125-75B59EF0DF94}.Release|Win32.Build.0 = Release|Win32
	EndGlobalSection
	GlobalSection(SolutionProperties) = preSolution
		HideSolutionNode = FALSE
	EndGlobalSection
EndGlobal
